
Microsoft Visual Studio Solution File, Format Version 12.00
# Visual Studio Version 16
VisualStudioVersion = 16.0.30517.126
MinimumVisualStudioVersion = 10.0.40219.1
Project("{FAE04EC0-301F-11D3-BF4B-00C04F79EFBC}") = "testegithub cmd", "testegithub cmd\testegithub cmd.csproj", "{A64C1663-6220-4D38-965F-E0B338602D64}"
EndProject
Global
	GlobalSection(SolutionConfigurationPlatforms) = preSolution
		Debug|Any CPU = Debug|Any CPU
		Release|Any CPU = Release|Any CPU
	EndGlobalSection
	GlobalSection(ProjectConfigurationPlatforms) = postSolution
		{A64C1663-6220-4D38-965F-E0B338602D64}.Debug|Any CPU.ActiveCfg = Debug|Any CPU
		{A64C1663-6220-4D38-965F-E0B338602D64}.Debug|Any CPU.Build.0 = Debug|Any CPU
		{A64C1663-6220-4D38-965F-E0B338602D64}.Release|Any CPU.ActiveCfg = Release|Any CPU
		{A64C1663-6220-4D38-965F-E0B338602D64}.Release|Any CPU.Build.0 = Release|Any CPU
	EndGlobalSection
	GlobalSection(SolutionProperties) = preSolution
		HideSolutionNode = FALSE
	EndGlobalSection
	GlobalSection(ExtensibilityGlobals) = postSolution
		SolutionGuid = {2B58149B-5D64-45F1-804C-F2C0CD1E1429}
	EndGlobalSection
EndGlobal
